
Microsoft Visual Studio Solution File, Format Version 12.00
# Visual Studio Version 17
VisualStudioVersion = 17.14.36518.9
MinimumVisualStudioVersion = 10.0.40219.1
Project("{FAE04EC0-301F-11D3-BF4B-00C04F79EFBC}") = "Venta", "Venta\Venta.csproj", "{FF51FD1D-558D-4355-B0EC-78343FD13D99}"
EndProject
Global
	GlobalSection(SolutionConfigurationPlatforms) = preSolution
		Debug|Any CPU = Debug|Any CPU
		Release|Any CPU = Release|Any CPU
	EndGlobalSection
	GlobalSection(ProjectConfigurationPlatforms) = postSolution
		{FF51FD1D-558D-4355-B0EC-78343FD13D99}.Debug|Any CPU.ActiveCfg = Debug|Any CPU
		{FF51FD1D-558D-4355-B0EC-78343FD13D99}.Debug|Any CPU.Build.0 = Debug|Any CPU
		{FF51FD1D-558D-4355-B0EC-78343FD13D99}.Release|Any CPU.ActiveCfg = Release|Any CPU
		{FF51FD1D-558D-4355-B0EC-78343FD13D99}.Release|Any CPU.Build.0 = Release|Any CPU
	EndGlobalSection
	GlobalSection(SolutionProperties) = preSolution
		HideSolutionNode = FALSE
	EndGlobalSection
	GlobalSection(ExtensibilityGlobals) = postSolution
		SolutionGuid = {2B2F88D7-5686-4BF2-B684-5DDD9088AAE0}
	EndGlobalSection
EndGlobal
